// !$*UTF8*$!
{
	archiveVersion = 1;
	classes = {
	};
	objectVersion = 56;
	objects = {

/* Begin PBXBuildFile section */
		BDA526892C1BC89F004E9CCF /* AppDelegate.swift in Sources */ = {isa = PBXBuildFile; fileRef = BDA526882C1BC89F004E9CCF /* AppDelegate.swift */; };
		BDA5268B2C1BC89F004E9CCF /* SceneDelegate.swift in Sources */ = {isa = PBXBuildFile; fileRef = BDA5268A2C1BC89F004E9CCF /* SceneDelegate.swift */; };
		BDA5268D2C1BC89F004E9CCF /* ViewController.swift in Sources */ = {isa = PBXBuildFile; fileRef = BDA5268C2C1BC89F004E9CCF /* ViewController.swift */; };
		BDA526902C1BC89F004E9CCF /* Base in Resources */ = {isa = PBXBuildFile; fileRef = BDA5268F2C1BC89F004E9CCF /* Base */; };
		BDA526922C1BC8A0004E9CCF /* Assets.xcassets in Resources */ = {isa = PBXBuildFile; fileRef = BDA526912C1BC8A0004E9CCF /* Assets.xcassets */; };
		BDA526952C1BC8A0004E9CCF /* Base in Resources */ = {isa = PBXBuildFile; fileRef = BDA526942C1BC8A0004E9CCF /* Base */; };
		BDA526A02C1BC8A0004E9CCF /* MVPAPICallingTests.swift in Sources */ = {isa = PBXBuildFile; fileRef = BDA5269F2C1BC8A0004E9CCF /* MVPAPICallingTests.swift */; };
		BDA526AA2C1BC8A1004E9CCF /* MVPAPICallingUITests.swift in Sources */ = {isa = PBXBuildFile; fileRef = BDA526A92C1BC8A1004E9CCF /* MVPAPICallingUITests.swift */; };
		BDA526AC2C1BC8A1004E9CCF /* MVPAPICallingUITestsLaunchTests.swift in Sources */ = {isa = PBXBuildFile; fileRef = BDA526AB2C1BC8A1004E9CCF /* MVPAPICallingUITestsLaunchTests.swift */; };
/* End PBXBuildFile section */

/* Begin PBXContainerItemProxy section */
		BDA5269C2C1BC8A0004E9CCF /* PBXContainerItemProxy */ = {
			isa = PBXContainerItemProxy;
			containerPortal = BDA5267D2C1BC89F004E9CCF /* Project object */;
			proxyType = 1;
			remoteGlobalIDString = BDA526842C1BC89F004E9CCF;
			remoteInfo = MVPAPICalling;
		};
		BDA526A62C1BC8A1004E9CCF /* PBXContainerItemProxy */ = {
			isa = PBXContainerItemProxy;
			containerPortal = BDA5267D2C1BC89F004E9CCF /* Project object */;
			proxyType = 1;
			remoteGlobalIDString = BDA526842C1BC89F004E9CCF;
			remoteInfo = MVPAPICalling;
		};
/* End PBXContainerItemProxy section */

/* Begin PBXFileReference section */
		BDA526852C1BC89F004E9CCF /* MVPAPICalling.app */ = {isa = PBXFileReference; explicitFileType = wrapper.application; includeInIndex = 0; path = MVPAPICalling.app; sourceTree = BUILT_PRODUCTS_DIR; };
		BDA526882C1BC89F004E9CCF /* AppDelegate.swift */ = {isa = PBXFileReference; lastKnownFileType = sourcecode.swift; path = AppDelegate.swift; sourceTree = "<group>"; };
		BDA5268A2C1BC89F004E9CCF /* SceneDelegate.swift */ = {isa = PBXFileReference; lastKnownFileType = sourcecode.swift; path = SceneDelegate.swift; sourceTree = "<group>"; };
		BDA5268C2C1BC89F004E9CCF /* ViewController.swift */ = {isa = PBXFileReference; lastKnownFileType = sourcecode.swift; path = ViewController.swift; sourceTree = "<group>"; };
		BDA5268F2C1BC89F004E9CCF /* Base */ = {isa = PBXFileReference; lastKnownFileType = file.storyboard; name = Base; path = Base.lproj/Main.storyboard; sourceTree = "<group>"; };
		BDA526912C1BC8A0004E9CCF /* Assets.xcassets */ = {isa = PBXFileReference; lastKnownFileType = folder.assetcatalog; path = Assets.xcassets; sourceTree = "<group>"; };
		BDA526942C1BC8A0004E9CCF /* Base */ = {isa = PBXFileReference; lastKnownFileType = file.storyboard; name = Base; path = Base.lproj/LaunchScreen.storyboard; sourceTree = "<group>"; };
		BDA526962C1BC8A0004E9CCF /* Info.plist */ = {isa = PBXFileReference; lastKnownFileType = text.plist.xml; path = Info.plist; sourceTree = "<group>"; };
		BDA5269B2C1BC8A0004E9CCF /* MVPAPICallingTests.xctest */ = {isa = PBXFileReference; explicitFileType = wrapper.cfbundle; includeInIndex = 0; path = MVPAPICallingTests.xctest; sourceTree = BUILT_PRODUCTS_DIR; };
		BDA5269F2C1BC8A0004E9CCF /* MVPAPICallingTests.swift */ = {isa = PBXFileReference; lastKnownFileType = sourcecode.swift; path = MVPAPICallingTests.swift; sourceTree = "<group>"; };
		BDA526A52C1BC8A1004E9CCF /* MVPAPICallingUITests.xctest */ = {isa = PBXFileReference; explicitFileType = wrapper.cfbundle; includeInIndex = 0; path = MVPAPICallingUITests.xctest; sourceTree = BUILT_PRODUCTS_DIR; };
		BDA526A92C1BC8A1004E9CCF /* MVPAPICallingUITests.swift */ = {isa = PBXFileReference; lastKnownFileType = sourcecode.swift; path = MVPAPICallingUITests.swift; sourceTree = "<group>"; };
		BDA526AB2C1BC8A1004E9CCF /* MVPAPICallingUITestsLaunchTests.swift */ = {isa = PBXFileReference; lastKnownFileType = sourcecode.swift; path = MVPAPICallingUITestsLaunchTests.swift; sourceTree = "<group>"; };
/* End PBXFileReference section */

/* Begin PBXFrameworksBuildPhase section */
		BDA526822C1BC89F004E9CCF /* Frameworks */ = {
			isa = PBXFrameworksBuildPhase;
			buildActionMask = 2147483647;
			files = (
			);
			runOnlyForDeploymentPostprocessing = 0;
		};
		BDA526982C1BC8A0004E9CCF /* Frameworks */ = {
			isa = PBXFrameworksBuildPhase;
			buildActionMask = 2147483647;
			files = (
			);
			runOnlyForDeploymentPostprocessing = 0;
		};
		BDA526A22C1BC8A1004E9CCF /* Frameworks */ = {
			isa = PBXFrameworksBuildPhase;
			buildActionMask = 2147483647;
			files = (
			);
			runOnlyForDeploymentPostprocessing = 0;
		};
/* End PBXFrameworksBuildPhase section */

/* Begin PBXGroup section */
		BDA5267C2C1BC89F004E9CCF = {
			isa = PBXGroup;
			children = (
				BDA526872C1BC89F004E9CCF /* MVPAPICalling */,
				BDA5269E2C1BC8A0004E9CCF /* MVPAPICallingTests */,
				BDA526A82C1BC8A1004E9CCF /* MVPAPICallingUITests */,
				BDA526862C1BC89F004E9CCF /* Products */,
			);
			sourceTree = "<group>";
		};
		BDA526862C1BC89F004E9CCF /* Products */ = {
			isa = PBXGroup;
			children = (
				BDA526852C1BC89F004E9CCF /* MVPAPICalling.app */,
				BDA5269B2C1BC8A0004E9CCF /* MVPAPICallingTests.xctest */,
				BDA526A52C1BC8A1004E9CCF /* MVPAPICallingUITests.xctest */,
			);
			name = Products;
			sourceTree = "<group>";
		};
		BDA526872C1BC89F004E9CCF /* MVPAPICalling */ = {
			isa = PBXGroup;
			children = (
				BDA526882C1BC89F004E9CCF /* AppDelegate.swift */,
				BDA5268A2C1BC89F004E9CCF /* SceneDelegate.swift */,
				BDA5268C2C1BC89F004E9CCF /* ViewController.swift */,
				BDA5268E2C1BC89F004E9CCF /* Main.storyboard */,
				BDA526912C1BC8A0004E9CCF /* Assets.xcassets */,
				BDA526932C1BC8A0004E9CCF /* LaunchScreen.storyboard */,
				BDA526962C1BC8A0004E9CCF /* Info.plist */,
			);
			path = MVPAPICalling;
			sourceTree = "<group>";
		};
		BDA5269E2C1BC8A0004E9CCF /* MVPAPICallingTests */ = {
			isa = PBXGroup;
			children = (
				BDA5269F2C1BC8A0004E9CCF /* MVPAPICallingTests.swift */,
			);
			path = MVPAPICallingTests;
			sourceTree = "<group>";
		};
		BDA526A82C1BC8A1004E9CCF /* MVPAPICallingUITests */ = {
			isa = PBXGroup;
			children = (
				BDA526A92C1BC8A1004E9CCF /* MVPAPICallingUITests.swift */,
				BDA526AB2C1BC8A1004E9CCF /* MVPAPICallingUITestsLaunchTests.swift */,
			);
			path = MVPAPICallingUITests;
			sourceTree = "<group>";
		};
/* End PBXGroup section */

/* Begin PBXNativeTarget section */
		BDA526842C1BC89F004E9CCF /* MVPAPICalling */ = {
			isa = PBXNativeTarget;
			buildConfigurationList = BDA526AF2C1BC8A1004E9CCF /* Build configuration list for PBXNativeTarget "MVPAPICalling" */;
			buildPhases = (
				BDA526812C1BC89F004E9CCF /* Sources */,
				BDA526822C1BC89F004E9CCF /* Frameworks */,
				BDA526832C1BC89F004E9CCF /* Resources */,
			);
			buildRules = (
			);
			dependencies = (
			);
			name = MVPAPICalling;
			productName = MVPAPICalling;
			productReference = BDA526852C1BC89F004E9CCF /* MVPAPICalling.app */;
			productType = "com.apple.product-type.application";
		};
		BDA5269A2C1BC8A0004E9CCF /* MVPAPICallingTests */ = {
			isa = PBXNativeTarget;
			buildConfigurationList = BDA526B22C1BC8A1004E9CCF /* Build configuration list for PBXNativeTarget "MVPAPICallingTests" */;
			buildPhases = (
				BDA526972C1BC8A0004E9CCF /* Sources */,
				BDA526982C1BC8A0004E9CCF /* Frameworks */,
				BDA526992C1BC8A0004E9CCF /* Resources */,
			);
			buildRules = (
			);
			dependencies = (
				BDA5269D2C1BC8A0004E9CCF /* PBXTargetDependency */,
			);
			name = MVPAPICallingTests;
			productName = MVPAPICallingTests;
			productReference = BDA5269B2C1BC8A0004E9CCF /* MVPAPICallingTests.xctest */;
			productType = "com.apple.product-type.bundle.unit-test";
		};
		BDA526A42C1BC8A1004E9CCF /* MVPAPICallingUITests */ = {
			isa = PBXNativeTarget;
			buildConfigurationList = BDA526B52C1BC8A1004E9CCF /* Build configuration list for PBXNativeTarget "MVPAPICallingUITests" */;
			buildPhases = (
				BDA526A12C1BC8A1004E9CCF /* Sources */,
				BDA526A22C1BC8A1004E9CCF /* Frameworks */,
				BDA526A32C1BC8A1004E9CCF /* Resources */,
			);
			buildRules = (
			);
			dependencies = (
				BDA526A72C1BC8A1004E9CCF /* PBXTargetDependency */,
			);
			name = MVPAPICallingUITests;
			productName = MVPAPICallingUITests;
			productReference = BDA526A52C1BC8A1004E9CCF /* MVPAPICallingUITests.xctest */;
			productType = "com.apple.product-type.bundle.ui-testing";
		};
/* End PBXNativeTarget section */

/* Begin PBXProject section */
		BDA5267D2C1BC89F004E9CCF /* Project object */ = {
			isa = PBXProject;
			attributes = {
				BuildIndependentTargetsInParallel = 1;
				LastSwiftUpdateCheck = 1530;
				LastUpgradeCheck = 1530;
				TargetAttributes = {
					BDA526842C1BC89F004E9CCF = {
						CreatedOnToolsVersion = 15.3;
					};
					BDA5269A2C1BC8A0004E9CCF = {
						CreatedOnToolsVersion = 15.3;
						TestTargetID = BDA526842C1BC89F004E9CCF;
					};
					BDA526A42C1BC8A1004E9CCF = {
						CreatedOnToolsVersion = 15.3;
						TestTargetID = BDA526842C1BC89F004E9CCF;
					};
				};
			};
			buildConfigurationList = BDA526802C1BC89F004E9CCF /* Build configuration list for PBXProject "MVPAPICalling" */;
			compatibilityVersion = "Xcode 14.0";
			developmentRegion = en;
			hasScannedForEncodings = 0;
			knownRegions = (
				en,
				Base,
			);
			mainGroup = BDA5267C2C1BC89F004E9CCF;
			productRefGroup = BDA526862C1BC89F004E9CCF /* Products */;
			projectDirPath = "";
			projectRoot = "";
			targets = (
				BDA526842C1BC89F004E9CCF /* MVPAPICalling */,
				BDA5269A2C1BC8A0004E9CCF /* MVPAPICallingTests */,
				BDA526A42C1BC8A1004E9CCF /* MVPAPICallingUITests */,
			);
		};
/* End PBXProject section */

/* Begin PBXResourcesBuildPhase section */
		BDA526832C1BC89F004E9CCF /* Resources */ = {
			isa = PBXResourcesBuildPhase;
			buildActionMask = 2147483647;
			files = (
				BDA526922C1BC8A0004E9CCF /* Assets.xcassets in Resources */,
				BDA526952C1BC8A0004E9CCF /* Base in Resources */,
				BDA526902C1BC89F004E9CCF /* Base in Resources */,
			);
			runOnlyForDeploymentPostprocessing = 0;
		};
		BDA526992C1BC8A0004E9CCF /* Resources */ = {
			isa = PBXResourcesBuildPhase;
			buildActionMask = 2147483647;
			files = (
			);
			runOnlyForDeploymentPostprocessing = 0;
		};
		BDA526A32C1BC8A1004E9CCF /* Resources */ = {
			isa = PBXResourcesBuildPhase;
			buildActionMask = 2147483647;
			files = (
			);
			runOnlyForDeploymentPostprocessing = 0;
		};
/* End PBXResourcesBuildPhase section */

/* Begin PBXSourcesBuildPhase section */
		BDA526812C1BC89F004E9CCF /* Sources */ = {
			isa = PBXSourcesBuildPhase;
			buildActionMask = 2147483647;
			files = (
				BDA5268D2C1BC89F004E9CCF /* ViewController.swift in Sources */,
				BDA526892C1BC89F004E9CCF /* AppDelegate.swift in Sources */,
				BDA5268B2C1BC89F004E9CCF /* SceneDelegate.swift in Sources */,
			);
			runOnlyForDeploymentPostprocessing = 0;
		};
		BDA526972C1BC8A0004E9CCF /* Sources */ = {
			isa = PBXSourcesBuildPhase;
			buildActionMask = 2147483647;
			files = (
				BDA526A02C1BC8A0004E9CCF /* MVPAPICallingTests.swift in Sources */,
			);
			runOnlyForDeploymentPostprocessing = 0;
		};
		BDA526A12C1BC8A1004E9CCF /* Sources */ = {
			isa = PBXSourcesBuildPhase;
			buildActionMask = 2147483647;
			files = (
				BDA526AC2C1BC8A1004E9CCF /* MVPAPICallingUITestsLaunchTests.swift in Sources */,
				BDA526AA2C1BC8A1004E9CCF /* MVPAPICallingUITests.swift in Sources */,
			);
			runOnlyForDeploymentPostprocessing = 0;
		};
/* End PBXSourcesBuildPhase section */

/* Begin PBXTargetDependency section */
		BDA5269D2C1BC8A0004E9CCF /* PBXTargetDependency */ = {
			isa = PBXTargetDependency;
			target = BDA526842C1BC89F004E9CCF /* MVPAPICalling */;
			targetProxy = BDA5269C2C1BC8A0004E9CCF /* PBXContainerItemProxy */;
		};
		BDA526A72C1BC8A1004E9CCF /* PBXTargetDependency */ = {
			isa = PBXTargetDependency;
			target = BDA526842C1BC89F004E9CCF /* MVPAPICalling */;
			targetProxy = BDA526A62C1BC8A1004E9CCF /* PBXContainerItemProxy */;
		};
/* End PBXTargetDependency section */

/* Begin PBXVariantGroup section */
		BDA5268E2C1BC89F004E9CCF /* Main.storyboard */ = {
			isa = PBXVariantGroup;
			children = (
				BDA5268F2C1BC89F004E9CCF /* Base */,
			);
			name = Main.storyboard;
			sourceTree = "<group>";
		};
		BDA526932C1BC8A0004E9CCF /* LaunchScreen.storyboard */ = {
			isa = PBXVariantGroup;
			children = (
				BDA526942C1BC8A0004E9CCF /* Base */,
			);
			name = LaunchScreen.storyboard;
			sourceTree = "<group>";
		};
/* End PBXVariantGroup section */

/* Begin XCBuildConfiguration section */
		BDA526AD2C1BC8A1004E9CCF /* Debug */ = {
			isa = XCBuildConfiguration;
			buildSettings = {
				ALWAYS_SEARCH_USER_PATHS = NO;
				ASSETCATALOG_COMPILER_GENERATE_SWIFT_ASSET_SYMBOL_EXTENSIONS = YES;
				CLANG_ANALYZER_NONNULL = YES;
				CLANG_ANALYZER_NUMBER_OBJECT_CONVERSION = YES_AGGRESSIVE;
				CLANG_CXX_LANGUAGE_STANDARD = "gnu++20";
				CLANG_ENABLE_MODULES = YES;
				CLANG_ENABLE_OBJC_ARC = YES;
				CLANG_ENABLE_OBJC_WEAK = YES;
				CLANG_WARN_BLOCK_CAPTURE_AUTORELEASING = YES;
				CLANG_WARN_BOOL_CONVERSION = YES;
				CLANG_WARN_COMMA = YES;
				CLANG_WARN_CONSTANT_CONVERSION = YES;
				CLANG_WARN_DEPRECATED_OBJC_IMPLEMENTATIONS = YES;
				CLANG_WARN_DIRECT_OBJC_ISA_USAGE = YES_ERROR;
				CLANG_WARN_DOCUMENTATION_COMMENTS = YES;
				CLANG_WARN_EMPTY_BODY = YES;
				CLANG_WARN_ENUM_CONVERSION = YES;
				CLANG_WARN_INFINITE_RECURSION = YES;
				CLANG_WARN_INT_CONVERSION = YES;
				CLANG_WARN_NON_LITERAL_NULL_CONVERSION = YES;
				CLANG_WARN_OBJC_IMPLICIT_RETAIN_SELF = YES;
				CLANG_WARN_OBJC_LITERAL_CONVERSION = YES;
				CLANG_WARN_OBJC_ROOT_CLASS = YES_ERROR;
				CLANG_WARN_QUOTED_INCLUDE_IN_FRAMEWORK_HEADER = YES;
				CLANG_WARN_RANGE_LOOP_ANALYSIS = YES;
				CLANG_WARN_STRICT_PROTOTYPES = YES;
				CLANG_WARN_SUSPICIOUS_MOVE = YES;
				CLANG_WARN_UNGUARDED_AVAILABILITY = YES_AGGRESSIVE;
				CLANG_WARN_UNREACHABLE_CODE = YES;
				CLANG_WARN__DUPLICATE_METHOD_MATCH = YES;
				COPY_PHASE_STRIP = NO;
				DEBUG_INFORMATION_FORMAT = dwarf;
				ENABLE_STRICT_OBJC_MSGSEND = YES;
				ENABLE_TESTABILITY = YES;
				ENABLE_USER_SCRIPT_SANDBOXING = YES;
				GCC_C_LANGUAGE_STANDARD = gnu17;
				GCC_DYNAMIC_NO_PIC = NO;
				GCC_NO_COMMON_BLOCKS = YES;
				GCC_OPTIMIZATION_LEVEL = 0;
				GCC_PREPROCESSOR_DEFINITIONS = (
					"DEBUG=1",
					"$(inherited)",
				);
				GCC_WARN_64_TO_32_BIT_CONVERSION = YES;
				GCC_WARN_ABOUT_RETURN_TYPE = YES_ERROR;
				GCC_WARN_UNDECLARED_SELECTOR = YES;
				GCC_WARN_UNINITIALIZED_AUTOS = YES_AGGRESSIVE;
				GCC_WARN_UNUSED_FUNCTION = YES;
				GCC_WARN_UNUSED_VARIABLE = YES;
				IPHONEOS_DEPLOYMENT_TARGET = 17.4;
				LOCALIZATION_PREFERS_STRING_CATALOGS = YES;
				MTL_ENABLE_DEBUG_INFO = INCLUDE_SOURCE;
				MTL_FAST_MATH = YES;
				ONLY_ACTIVE_ARCH = YES;
				SDKROOT = iphoneos;
				SWIFT_ACTIVE_COMPILATION_CONDITIONS = "DEBUG $(inherited)";
				SWIFT_OPTIMIZATION_LEVEL = "-Onone";
			};
			name = Debug;
		};
		BDA526AE2C1BC8A1004E9CCF /* Release */ = {
			isa = XCBuildConfiguration;
			buildSettings = {
				ALWAYS_SEARCH_USER_PATHS = NO;
				ASSETCATALOG_COMPILER_GENERATE_SWIFT_ASSET_SYMBOL_EXTENSIONS = YES;
				CLANG_ANALYZER_NONNULL = YES;
				CLANG_ANALYZER_NUMBER_OBJECT_CONVERSION = YES_AGGRESSIVE;
				CLANG_CXX_LANGUAGE_STANDARD = "gnu++20";
				CLANG_ENABLE_MODULES = YES;
				CLANG_ENABLE_OBJC_ARC = YES;
				CLANG_ENABLE_OBJC_WEAK = YES;
				CLANG_WARN_BLOCK_CAPTURE_AUTORELEASING = YES;
				CLANG_WARN_BOOL_CONVERSION = YES;
				CLANG_WARN_COMMA = YES;
				CLANG_WARN_CONSTANT_CONVERSION = YES;
				CLANG_WARN_DEPRECATED_OBJC_IMPLEMENTATIONS = YES;
				CLANG_WARN_DIRECT_OBJC_ISA_USAGE = YES_ERROR;
				CLANG_WARN_DOCUMENTATION_COMMENTS = YES;
				CLANG_WARN_EMPTY_BODY = YES;
				CLANG_WARN_ENUM_CONVERSION = YES;
				CLANG_WARN_INFINITE_RECURSION = YES;
				CLANG_WARN_INT_CONVERSION = YES;
				CLANG_WARN_NON_LITERAL_NULL_CONVERSION = YES;
				CLANG_WARN_OBJC_IMPLICIT_RETAIN_SELF = YES;
				CLANG_WARN_OBJC_LITERAL_CONVERSION = YES;
				CLANG_WARN_OBJC_ROOT_CLASS = YES_ERROR;
				CLANG_WARN_QUOTED_INCLUDE_IN_FRAMEWORK_HEADER = YES;
				CLANG_WARN_RANGE_LOOP_ANALYSIS = YES;
				CLANG_WARN_STRICT_PROTOTYPES = YES;
				CLANG_WARN_SUSPICIOUS_MOVE = YES;
				CLANG_WARN_UNGUARDED_AVAILABILITY = YES_AGGRESSIVE;
				CLANG_WARN_UNREACHABLE_CODE = YES;
				CLANG_WARN__DUPLICATE_METHOD_MATCH = YES;
				COPY_PHASE_STRIP = NO;
				DEBUG_INFORMATION_FORMAT = "dwarf-with-dsym";
				ENABLE_NS_ASSERTIONS = NO;
				ENABLE_STRICT_OBJC_MSGSEND = YES;
				ENABLE_USER_SCRIPT_SANDBOXING = YES;
				GCC_C_LANGUAGE_STANDARD = gnu17;
				GCC_NO_COMMON_BLOCKS = YES;
				GCC_WARN_64_TO_32_BIT_CONVERSION = YES;
				GCC_WARN_ABOUT_RETURN_TYPE = YES_ERROR;
				GCC_WARN_UNDECLARED_SELECTOR = YES;
				GCC_WARN_UNINITIALIZED_AUTOS = YES_AGGRESSIVE;
				GCC_WARN_UNUSED_FUNCTION = YES;
				GCC_WARN_UNUSED_VARIABLE = YES;
				IPHONEOS_DEPLOYMENT_TARGET = 17.4;
				LOCALIZATION_PREFERS_STRING_CATALOGS = YES;
				MTL_ENABLE_DEBUG_INFO = NO;
				MTL_FAST_MATH = YES;
				SDKROOT = iphoneos;
				SWIFT_COMPILATION_MODE = wholemodule;
				VALIDATE_PRODUCT = YES;
			};
			name = Release;
		};
		BDA526B02C1BC8A1004E9CCF /* Debug */ = {
			isa = XCBuildConfiguration;
			buildSettings = {
				ASSETCATALOG_COMPILER_APPICON_NAME = AppIcon;
				ASSETCATALOG_COMPILER_GLOBAL_ACCENT_COLOR_NAME = AccentColor;
				CODE_SIGN_STYLE = Automatic;
				CURRENT_PROJECT_VERSION = 1;
				GENERATE_INFOPLIST_FILE = YES;
				INFOPLIST_FILE = MVPAPICalling/Info.plist;
				INFOPLIST_KEY_UIApplicationSupportsIndirectInputEvents = YES;
				INFOPLIST_KEY_UILaunchStoryboardName = LaunchScreen;
				INFOPLIST_KEY_UIMainStoryboardFile = Main;
				INFOPLIST_KEY_UISupportedInterfaceOrientations_iPad = "UIInterfaceOrientationPortrait UIInterfaceOrientationPortraitUpsideDown UIInterfaceOrientationLandscapeLeft UIInterfaceOrientationLandscapeRight";
				INFOPLIST_KEY_UISupportedInterfaceOrientations_iPhone = "UIInterfaceOrientationPortrait UIInterfaceOrientationLandscapeLeft UIInterfaceOrientationLandscapeRight";
				LD_RUNPATH_SEARCH_PATHS = (
					"$(inherited)",
					"@executable_path/Frameworks",
				);
				MARKETING_VERSION = 1.0;
				PRODUCT_BUNDLE_IDENTIFIER = com.plexustechnology.MVPAPICalling;
				PRODUCT_NAME = "$(TARGET_NAME)";
				SWIFT_EMIT_LOC_STRINGS = YES;
				SWIFT_VERSION = 5.0;
				TARGETED_DEVICE_FAMILY = "1,2";
			};
			name = Debug;
		};
		BDA526B12C1BC8A1004E9CCF /* Release */ = {
			isa = XCBuildConfiguration;
			buildSettings = {
				ASSETCATALOG_COMPILER_APPICON_NAME = AppIcon;
				ASSETCATALOG_COMPILER_GLOBAL_ACCENT_COLOR_NAME = AccentColor;
				CODE_SIGN_STYLE = Automatic;
				CURRENT_PROJECT_VERSION = 1;
				GENERATE_INFOPLIST_FILE = YES;
				INFOPLIST_FILE = MVPAPICalling/Info.plist;
				INFOPLIST_KEY_UIApplicationSupportsIndirectInputEvents = YES;
				INFOPLIST_KEY_UILaunchStoryboardName = LaunchScreen;
				INFOPLIST_KEY_UIMainStoryboardFile = Main;
				INFOPLIST_KEY_UISupportedInterfaceOrientations_iPad = "UIInterfaceOrientationPortrait UIInterfaceOrientationPortraitUpsideDown UIInterfaceOrientationLandscapeLeft UIInterfaceOrientationLandscapeRight";
				INFOPLIST_KEY_UISupportedInterfaceOrientations_iPhone = "UIInterfaceOrientationPortrait UIInterfaceOrientationLandscapeLeft UIInterfaceOrientationLandscapeRight";
				LD_RUNPATH_SEARCH_PATHS = (
					"$(inherited)",
					"@executable_path/Frameworks",
				);
				MARKETING_VERSION = 1.0;
				PRODUCT_BUNDLE_IDENTIFIER = com.plexustechnology.MVPAPICalling;
				PRODUCT_NAME = "$(TARGET_NAME)";
				SWIFT_EMIT_LOC_STRINGS = YES;
				SWIFT_VERSION = 5.0;
				TARGETED_DEVICE_FAMILY = "1,2";
			};
			name = Release;
		};
		BDA526B32C1BC8A1004E9CCF /* Debug */ = {
			isa = XCBuildConfiguration;
			buildSettings = {
				ALWAYS_EMBED_SWIFT_STANDARD_LIBRARIES = YES;
				BUNDLE_LOADER = "$(TEST_HOST)";
				CODE_SIGN_STYLE = Automatic;
				CURRENT_PROJECT_VERSION = 1;
				GENERATE_INFOPLIST_FILE = YES;
				IPHONEOS_DEPLOYMENT_TARGET = 17.4;
				MARKETING_VERSION = 1.0;
				PRODUCT_BUNDLE_IDENTIFIER = com.plexustechnology.MVPAPICallingTests;
				PRODUCT_NAME = "$(TARGET_NAME)";
				SWIFT_EMIT_LOC_STRINGS = NO;
				SWIFT_VERSION = 5.0;
				TARGETED_DEVICE_FAMILY = "1,2";
				TEST_HOST = "$(BUILT_PRODUCTS_DIR)/MVPAPICalling.app/$(BUNDLE_EXECUTABLE_FOLDER_PATH)/MVPAPICalling";
			};
			name = Debug;
		};
		BDA526B42C1BC8A1004E9CCF /* Release */ = {
			isa = XCBuildConfiguration;
			buildSettings = {
				ALWAYS_EMBED_SWIFT_STANDARD_LIBRARIES = YES;
				BUNDLE_LOADER = "$(TEST_HOST)";
				CODE_SIGN_STYLE = Automatic;
				CURRENT_PROJECT_VERSION = 1;
				GENERATE_INFOPLIST_FILE = YES;
				IPHONEOS_DEPLOYMENT_TARGET = 17.4;
				MARKETING_VERSION = 1.0;
				PRODUCT_BUNDLE_IDENTIFIER = com.plexustechnology.MVPAPICallingTests;
				PRODUCT_NAME = "$(TARGET_NAME)";
				SWIFT_EMIT_LOC_STRINGS = NO;
				SWIFT_VERSION = 5.0;
				TARGETED_DEVICE_FAMILY = "1,2";
				TEST_HOST = "$(BUILT_PRODUCTS_DIR)/MVPAPICalling.app/$(BUNDLE_EXECUTABLE_FOLDER_PATH)/MVPAPICalling";
			};
			name = Release;
		};
		BDA526B62C1BC8A1004E9CCF /* Debug */ = {
			isa = XCBuildConfiguration;
			buildSettings = {
				ALWAYS_EMBED_SWIFT_STANDARD_LIBRARIES = YES;
				CODE_SIGN_STYLE = Automatic;
				CURRENT_PROJECT_VERSION = 1;
				GENERATE_INFOPLIST_FILE = YES;
				MARKETING_VERSION = 1.0;
				PRODUCT_BUNDLE_IDENTIFIER = com.plexustechnology.MVPAPICallingUITests;
				PRODUCT_NAME = "$(TARGET_NAME)";
				SWIFT_EMIT_LOC_STRINGS = NO;
				SWIFT_VERSION = 5.0;
				TARGETED_DEVICE_FAMILY = "1,2";
				TEST_TARGET_NAME = MVPAPICalling;
			};
			name = Debug;
		};
		BDA526B72C1BC8A1004E9CCF /* Release */ = {
			isa = XCBuildConfiguration;
			buildSettings = {
				ALWAYS_EMBED_SWIFT_STANDARD_LIBRARIES = YES;
				CODE_SIGN_STYLE = Automatic;
				CURRENT_PROJECT_VERSION = 1;
				GENERATE_INFOPLIST_FILE = YES;
				MARKETING_VERSION = 1.0;
				PRODUCT_BUNDLE_IDENTIFIER = com.plexustechnology.MVPAPICallingUITests;
				PRODUCT_NAME = "$(TARGET_NAME)";
				SWIFT_EMIT_LOC_STRINGS = NO;
				SWIFT_VERSION = 5.0;
				TARGETED_DEVICE_FAMILY = "1,2";
				TEST_TARGET_NAME = MVPAPICalling;
			};
			name = Release;
		};
/* End XCBuildConfiguration section */

/* Begin XCConfigurationList section */
		BDA526802C1BC89F004E9CCF /* Build configuration list for PBXProject "MVPAPICalling" */ = {
			isa = XCConfigurationList;
			buildConfigurations = (
				BDA526AD2C1BC8A1004E9CCF /* Debug */,
				BDA526AE2C1BC8A1004E9CCF /* Release */,
			);
			defaultConfigurationIsVisible = 0;
			defaultConfigurationName = Release;
		};
		BDA526AF2C1BC8A1004E9CCF /* Build configuration list for PBXNativeTarget "MVPAPICalling" */ = {
			isa = XCConfigurationList;
			buildConfigurations = (
				BDA526B02C1BC8A1004E9CCF /* Debug */,
				BDA526B12C1BC8A1004E9CCF /* Release */,
			);
			defaultConfigurationIsVisible = 0;
			defaultConfigurationName = Release;
		};
		BDA526B22C1BC8A1004E9CCF /* Build configuration list for PBXNativeTarget "MVPAPICallingTests" */ = {
			isa = XCConfigurationList;
			buildConfigurations = (
				BDA526B32C1BC8A1004E9CCF /* Debug */,
				BDA526B42C1BC8A1004E9CCF /* Release */,
			);
			defaultConfigurationIsVisible = 0;
			defaultConfigurationName = Release;
		};
		BDA526B52C1BC8A1004E9CCF /* Build configuration list for PBXNativeTarget "MVPAPICallingUITests" */ = {
			isa = XCConfigurationList;
			buildConfigurations = (
				BDA526B62C1BC8A1004E9CCF /* Debug */,
				BDA526B72C1BC8A1004E9CCF /* Release */,
			);
			defaultConfigurationIsVisible = 0;
			defaultConfigurationName = Release;
		};
/* End XCConfigurationList section */
	};
	rootObject = BDA5267D2C1BC89F004E9CCF /* Project object */;
}
